{
  "name": "@nodoassist/pixverse-provider",
  "version": "2026.6.11",
  "lockfileVersion": 3,
  "requires": true,
  "packages": {
    "": {
      "name": "@nodoassist/pixverse-provider",
      "version": "2026.6.11",
      "peerDependencies": {
        "nodoassist": ">=2026.6.11"
      },
      "peerDependenciesMeta": {
        "nodoassist": {
          "optional": true
        }
      }
    }
  }
}
